
Microsoft Visual Studio Solution File, Format Version 12.00
# Visual Studio Version 17
VisualStudioVersion = 17.14.37203.1 d17.14
MinimumVisualStudioVersion = 10.0.40219.1
Project("{FAE04EC0-301F-11D3-BF4B-00C04F79EFBC}") = "Healthcare.Api", "Healthcare.Api\Healthcare.Api.csproj", "{7B3E6340-4A72-4AD5-A870-E36A38C663FC}"
EndProject
Project("{FAE04EC0-301F-11D3-BF4B-00C04F79EFBC}") = "Healthcare.Api.Tests", "Healthcare.Api.Tests\Healthcare.Api.Tests.csproj", "{6582BAD5-29B8-45B8-985C-A2D6D96D53F5}"
EndProject
Global
	GlobalSection(SolutionConfigurationPlatforms) = preSolution
		Debug|Any CPU = Debug|Any CPU
		Release|Any CPU = Release|Any CPU
	EndGlobalSection
	GlobalSection(ProjectConfigurationPlatforms) = postSolution
		{7B3E6340-4A72-4AD5-A870-E36A38C663FC}.Debug|Any CPU.ActiveCfg = Debug|Any CPU
		{7B3E6340-4A72-4AD5-A870-E36A38C663FC}.Debug|Any CPU.Build.0 = Debug|Any CPU
		{7B3E6340-4A72-4AD5-A870-E36A38C663FC}.Release|Any CPU.ActiveCfg = Release|Any CPU
		{7B3E6340-4A72-4AD5-A870-E36A38C663FC}.Release|Any CPU.Build.0 = Release|Any CPU
		{6582BAD5-29B8-45B8-985C-A2D6D96D53F5}.Debug|Any CPU.ActiveCfg = Debug|Any CPU
		{6582BAD5-29B8-45B8-985C-A2D6D96D53F5}.Debug|Any CPU.Build.0 = Debug|Any CPU
		{6582BAD5-29B8-45B8-985C-A2D6D96D53F5}.Release|Any CPU.ActiveCfg = Release|Any CPU
		{6582BAD5-29B8-45B8-985C-A2D6D96D53F5}.Release|Any CPU.Build.0 = Release|Any CPU
	EndGlobalSection
	GlobalSection(SolutionProperties) = preSolution
		HideSolutionNode = FALSE
	EndGlobalSection
	GlobalSection(ExtensibilityGlobals) = postSolution
		SolutionGuid = {18103D14-7CCB-470F-AF9C-7F528DFCEF7C}
	EndGlobalSection
EndGlobal
